
Microsoft Visual Studio Solution File, Format Version 10.00
# Visual Studio 2008
Project("{FAE04EC0-301F-11D3-BF4B-00C04F79EFBC}") = "Esd", "Esd\Esd.csproj", "{268BB609-8FCC-4B45-BD42-007F118C6BED}"
EndProject
Project("{FAE04EC0-301F-11D3-BF4B-00C04F79EFBC}") = "OgreLib", "OgreLib\OgreLib.csproj", "{DBA07D28-3FDF-4F64-9CED-571FA86A8296}"
EndProject
Global
	GlobalSection(SolutionConfigurationPlatforms) = preSolution
		Debug|Any CPU = Debug|Any CPU
		Release|Any CPU = Release|Any CPU
	EndGlobalSection
	GlobalSection(ProjectConfigurationPlatforms) = postSolution
		{268BB609-8FCC-4B45-BD42-007F118C6BED}.Debug|Any CPU.ActiveCfg = Debug|Any CPU
		{268BB609-8FCC-4B45-BD42-007F118C6BED}.Debug|Any CPU.Build.0 = Debug|Any CPU
		{268BB609-8FCC-4B45-BD42-007F118C6BED}.Release|Any CPU.ActiveCfg = Release|Any CPU
		{268BB609-8FCC-4B45-BD42-007F118C6BED}.Release|Any CPU.Build.0 = Release|Any CPU
		{DBA07D28-3FDF-4F64-9CED-571FA86A8296}.Debug|Any CPU.ActiveCfg = Debug|Any CPU
		{DBA07D28-3FDF-4F64-9CED-571FA86A8296}.Debug|Any CPU.Build.0 = Debug|Any CPU
		{DBA07D28-3FDF-4F64-9CED-571FA86A8296}.Release|Any CPU.ActiveCfg = Release|Any CPU
		{DBA07D28-3FDF-4F64-9CED-571FA86A8296}.Release|Any CPU.Build.0 = Release|Any CPU
	EndGlobalSection
	GlobalSection(SolutionProperties) = preSolution
		HideSolutionNode = FALSE
	EndGlobalSection
EndGlobal
